{
  "name": "@daguan-cli-dev/core",
  "version": "1.0.2",
  "lockfileVersion": 3,
  "requires": true,
  "packages": {
    "": {
      "name": "@daguan-cli-dev/core",
      "version": "1.0.2",
      "license": "ISC"
    },
    "../utils": {
      "name": "@daguan-cli-dev/utils",
      "version": "1.0.0",
      "extraneous": true,
      "license": "ISC"
    }
  }
}